
Microsoft Visual Studio Solution File, Format Version 12.00
# Visual Studio 2012
Project("{FAE04EC0-301F-11D3-BF4B-00C04F79EFBC}") = "CustomLinearList", "CustomLinearList\CustomLinearList.csproj", "{38D868AD-17B9-4037-9516-0A40B407888D}"
EndProject
Project("{FAE04EC0-301F-11D3-BF4B-00C04F79EFBC}") = "CompareLists", "CompareLists\CompareLists.csproj", "{82FEFF2E-F0C6-45C5-990C-06C47072956C}"
EndProject
Global
	GlobalSection(SolutionConfigurationPlatforms) = preSolution
		Debug|Any CPU = Debug|Any CPU
		Release|Any CPU = Release|Any CPU
	EndGlobalSection
	GlobalSection(ProjectConfigurationPlatforms) = postSolution
		{38D868AD-17B9-4037-9516-0A40B407888D}.Debug|Any CPU.ActiveCfg = Debug|Any CPU
		{38D868AD-17B9-4037-9516-0A40B407888D}.Debug|Any CPU.Build.0 = Debug|Any CPU
		{38D868AD-17B9-4037-9516-0A40B407888D}.Release|Any CPU.ActiveCfg = Release|Any CPU
		{38D868AD-17B9-4037-9516-0A40B407888D}.Release|Any CPU.Build.0 = Release|Any CPU
		{82FEFF2E-F0C6-45C5-990C-06C47072956C}.Debug|Any CPU.ActiveCfg = Debug|Any CPU
		{82FEFF2E-F0C6-45C5-990C-06C47072956C}.Debug|Any CPU.Build.0 = Debug|Any CPU
		{82FEFF2E-F0C6-45C5-990C-06C47072956C}.Release|Any CPU.ActiveCfg = Release|Any CPU
		{82FEFF2E-F0C6-45C5-990C-06C47072956C}.Release|Any CPU.Build.0 = Release|Any CPU
	EndGlobalSection
	GlobalSection(SolutionProperties) = preSolution
		HideSolutionNode = FALSE
	EndGlobalSection
EndGlobal
